// !$*UTF8*$!
{
	archiveVersion = 1;
	classes = {
	};
	objectVersion = 50;
	objects = {

/* Begin PBXBuildFile section */
		008039EB574911D4AF6A83CE /* Pods_OAuthExample.framework in Frameworks */ = {isa = PBXBuildFile; fileRef = EE2707AF49C3DCABB25A8A7C /* Pods_OAuthExample.framework */; };
		6EE892872240CA4D00EFF43D /* AppDelegate.swift in Sources */ = {isa = PBXBuildFile; fileRef = 6EE892862240CA4D00EFF43D /* AppDelegate.swift */; };
		6EE892892240CA4D00EFF43D /* ViewController.swift in Sources */ = {isa = PBXBuildFile; fileRef = 6EE892882240CA4D00EFF43D /* ViewController.swift */; };
		6EE8928C2240CA4D00EFF43D /* Main.storyboard in Resources */ = {isa = PBXBuildFile; fileRef = 6EE8928A2240CA4D00EFF43D /* Main.storyboard */; };
		6EE8928E2240CA4E00EFF43D /* Assets.xcassets in Resources */ = {isa = PBXBuildFile; fileRef = 6EE8928D2240CA4E00EFF43D /* Assets.xcassets */; };
		6EE892912240CA4E00EFF43D /* LaunchScreen.storyboard in Resources */ = {isa = PBXBuildFile; fileRef = 6EE8928F2240CA4E00EFF43D /* LaunchScreen.storyboard */; };
/* End PBXBuildFile section */

/* Begin PBXFileReference section */
		6EE892832240CA4D00EFF43D /* OAuthExample.app */ = {isa = PBXFileReference; explicitFileType = wrapper.application; includeInIndex = 0; path = OAuthExample.app; sourceTree = BUILT_PRODUCTS_DIR; };
		6EE892862240CA4D00EFF43D /* AppDelegate.swift */ = {isa = PBXFileReference; lastKnownFileType = sourcecode.swift; path = AppDelegate.swift; sourceTree = "<group>"; };
		6EE892882240CA4D00EFF43D /* ViewController.swift */ = {isa = PBXFileReference; lastKnownFileType = sourcecode.swift; path = ViewController.swift; sourceTree = "<group>"; };
		6EE8928B2240CA4D00EFF43D /* Base */ = {isa = PBXFileReference; lastKnownFileType = file.storyboard; name = Base; path = Base.lproj/Main.storyboard; sourceTree = "<group>"; };
		6EE8928D2240CA4E00EFF43D /* Assets.xcassets */ = {isa = PBXFileReference; lastKnownFileType = folder.assetcatalog; path = Assets.xcassets; sourceTree = "<group>"; };
		6EE892902240CA4E00EFF43D /* Base */ = {isa = PBXFileReference; lastKnownFileType = file.storyboard; name = Base; path = Base.lproj/LaunchScreen.storyboard; sourceTree = "<group>"; };
		6EE892922240CA4E00EFF43D /* Info.plist */ = {isa = PBXFileReference; lastKnownFileType = text.plist.xml; path = Info.plist; sourceTree = "<group>"; };
		7CD4EE7E71E8BC2FA5AF47E7 /* Pods-OAuthExample.release.xcconfig */ = {isa = PBXFileReference; includeInIndex = 1; lastKnownFileType = text.xcconfig; name = "Pods-OAuthExample.release.xcconfig"; path = "Target Support Files/Pods-OAuthExample/Pods-OAuthExample.release.xcconfig"; sourceTree = "<group>"; };
		DA534FD97C67CE10FA217157 /* Pods-OAuthExample.debug.xcconfig */ = {isa = PBXFileReference; includeInIndex = 1; lastKnownFileType = text.xcconfig; name = "Pods-OAuthExample.debug.xcconfig"; path = "Target Support Files/Pods-OAuthExample/Pods-OAuthExample.debug.xcconfig"; sourceTree = "<group>"; };
		EE2707AF49C3DCABB25A8A7C /* Pods_OAuthExample.framework */ = {isa = PBXFileReference; explicitFileType = wrapper.framework; includeInIndex = 0; path = Pods_OAuthExample.framework; sourceTree = BUILT_PRODUCTS_DIR; };
/* End PBXFileReference section */

/* Begin PBXFrameworksBuildPhase section */
		6EE892802240CA4C00EFF43D /* Frameworks */ = {
			isa = PBXFrameworksBuildPhase;
			buildActionMask = 2147483647;
			files = (
				008039EB574911D4AF6A83CE /* Pods_OAuthExample.framework in Frameworks */,
			);
			runOnlyForDeploymentPostprocessing = 0;
		};
/* End PBXFrameworksBuildPhase section */

/* Begin PBXGroup section */
		20CD3F9BF1E4656543BC60CC /* Pods */ = {
			isa = PBXGroup;
			children = (
				DA534FD97C67CE10FA217157 /* Pods-OAuthExample.debug.xcconfig */,
				7CD4EE7E71E8BC2FA5AF47E7 /* Pods-OAuthExample.release.xcconfig */,
			);
			path = Pods;
			sourceTree = "<group>";
		};
		6EE8927A2240CA4C00EFF43D = {
			isa = PBXGroup;
			children = (
				6EE892852240CA4D00EFF43D /* OAuthExample */,
				6EE892842240CA4D00EFF43D /* Products */,
				20CD3F9BF1E4656543BC60CC /* Pods */,
				C079E29CE9929048A75ACCDC /* Frameworks */,
			);
			sourceTree = "<group>";
		};
		6EE892842240CA4D00EFF43D /* Products */ = {
			isa = PBXGroup;
			children = (
				6EE892832240CA4D00EFF43D /* OAuthExample.app */,
			);
			name = Products;
			sourceTree = "<group>";
		};
		6EE892852240CA4D00EFF43D /* OAuthExample */ = {
			isa = PBXGroup;
			children = (
				6EE892862240CA4D00EFF43D /* AppDelegate.swift */,
				6EE892882240CA4D00EFF43D /* ViewController.swift */,
				6EE8928A2240CA4D00EFF43D /* Main.storyboard */,
				6EE8928D2240CA4E00EFF43D /* Assets.xcassets */,
				6EE8928F2240CA4E00EFF43D /* LaunchScreen.storyboard */,
				6EE892922240CA4E00EFF43D /* Info.plist */,
			);
			path = OAuthExample;
			sourceTree = "<group>";
		};
		C079E29CE9929048A75ACCDC /* Frameworks */ = {
			isa = PBXGroup;
			children = (
				EE2707AF49C3DCABB25A8A7C /* Pods_OAuthExample.framework */,
			);
			name = Frameworks;
			sourceTree = "<group>";
		};
/* End PBXGroup section */

/* Begin PBXNativeTarget section */
		6EE892822240CA4C00EFF43D /* OAuthExample */ = {
			isa = PBXNativeTarget;
			buildConfigurationList = 6EE892952240CA4E00EFF43D /* Build configuration list for PBXNativeTarget "OAuthExample" */;
			buildPhases = (
				87E4AE8381EB1845DEF4FE45 /* [CP] Check Pods Manifest.lock */,
				6EE8927F2240CA4C00EFF43D /* Sources */,
				6EE892802240CA4C00EFF43D /* Frameworks */,
				6EE892812240CA4C00EFF43D /* Resources */,
				266361BDB394C6C6C620B127 /* [CP] Embed Pods Frameworks */,
			);
			buildRules = (
			);
			dependencies = (
			);
			name = OAuthExample;
			productName = OAuthExample;
			productReference = 6EE892832240CA4D00EFF43D /* OAuthExample.app */;
			productType = "com.apple.product-type.application";
		};
/* End PBXNativeTarget section */

/* Begin PBXProject section */
		6EE8927B2240CA4C00EFF43D /* Project object */ = {
			isa = PBXProject;
			attributes = {
				LastSwiftUpdateCheck = 1010;
				LastUpgradeCheck = 1010;
				ORGANIZATIONNAME = "Onur Geneş";
				TargetAttributes = {
					6EE892822240CA4C00EFF43D = {
						CreatedOnToolsVersion = 10.1;
					};
				};
			};
			buildConfigurationList = 6EE8927E2240CA4C00EFF43D /* Build configuration list for PBXProject "OAuthExample" */;
			compatibilityVersion = "Xcode 9.3";
			developmentRegion = en;
			hasScannedForEncodings = 0;
			knownRegions = (
				en,
				Base,
			);
			mainGroup = 6EE8927A2240CA4C00EFF43D;
			productRefGroup = 6EE892842240CA4D00EFF43D /* Products */;
			projectDirPath = "";
			projectRoot = "";
			targets = (
				6EE892822240CA4C00EFF43D /* OAuthExample */,
			);
		};
/* End PBXProject section */

/* Begin PBXResourcesBuildPhase section */
		6EE892812240CA4C00EFF43D /* Resources */ = {
			isa = PBXResourcesBuildPhase;
			buildActionMask = 2147483647;
			files = (
				6EE892912240CA4E00EFF43D /* LaunchScreen.storyboard in Resources */,
				6EE8928E2240CA4E00EFF43D /* Assets.xcassets in Resources */,
				6EE8928C2240CA4D00EFF43D /* Main.storyboard in Resources */,
			);
			runOnlyForDeploymentPostprocessing = 0;
		};
/* End PBXResourcesBuildPhase section */

/* Begin PBXShellScriptBuildPhase section */
		266361BDB394C6C6C620B127 /* [CP] Embed Pods Frameworks */ = {
			isa = PBXShellScriptBuildPhase;
			buildActionMask = 2147483647;
			files = (
			);
			inputFileListPaths = (
			);
			inputPaths = (
				"${PODS_ROOT}/Target Support Files/Pods-OAuthExample/Pods-OAuthExample-frameworks.sh",
				"${BUILT_PRODUCTS_DIR}/OAuthSwift/OAuthSwift.framework",
			);
			name = "[CP] Embed Pods Frameworks";
			outputFileListPaths = (
			);
			outputPaths = (
				"${TARGET_BUILD_DIR}/${FRAMEWORKS_FOLDER_PATH}/OAuthSwift.framework",
			);
			runOnlyForDeploymentPostprocessing = 0;
			shellPath = /bin/sh;
			shellScript = "\"${PODS_ROOT}/Target Support Files/Pods-OAuthExample/Pods-OAuthExample-frameworks.sh\"\n";
			showEnvVarsInLog = 0;
		};
		87E4AE8381EB1845DEF4FE45 /* [CP] Check Pods Manifest.lock */ = {
			isa = PBXShellScriptBuildPhase;
			buildActionMask = 2147483647;
			files = (
			);
			inputFileListPaths = (
			);
			inputPaths = (
				"${PODS_PODFILE_DIR_PATH}/Podfile.lock",
				"${PODS_ROOT}/Manifest.lock",
			);
			name = "[CP] Check Pods Manifest.lock";
			outputFileListPaths = (
			);
			outputPaths = (
				"$(DERIVED_FILE_DIR)/Pods-OAuthExample-checkManifestLockResult.txt",
			);
			runOnlyForDeploymentPostprocessing = 0;
			shellPath = /bin/sh;
			shellScript = "diff \"${PODS_PODFILE_DIR_PATH}/Podfile.lock\" \"${PODS_ROOT}/Manifest.lock\" > /dev/null\nif [ $? != 0 ] ; then\n    # print error to STDERR\n    echo \"error: The sandbox is not in sync with the Podfile.lock. Run 'pod install' or update your CocoaPods installation.\" >&2\n    exit 1\nfi\n# This output is used by Xcode 'outputs' to avoid re-running this script phase.\necho \"SUCCESS\" > \"${SCRIPT_OUTPUT_FILE_0}\"\n";
			showEnvVarsInLog = 0;
		};
/* End PBXShellScriptBuildPhase section */

/* Begin PBXSourcesBuildPhase section */
		6EE8927F2240CA4C00EFF43D /* Sources */ = {
			isa = PBXSourcesBuildPhase;
			buildActionMask = 2147483647;
			files = (
				6EE892892240CA4D00EFF43D /* ViewController.swift in Sources */,
				6EE892872240CA4D00EFF43D /* AppDelegate.swift in Sources */,
			);
			runOnlyForDeploymentPostprocessing = 0;
		};
/* End PBXSourcesBuildPhase section */

/* Begin PBXVariantGroup section */
		6EE8928A2240CA4D00EFF43D /* Main.storyboard */ = {
			isa = PBXVariantGroup;
			children = (
				6EE8928B2240CA4D00EFF43D /* Base */,
			);
			name = Main.storyboard;
			sourceTree = "<group>";
		};
		6EE8928F2240CA4E00EFF43D /* LaunchScreen.storyboard */ = {
			isa = PBXVariantGroup;
			children = (
				6EE892902240CA4E00EFF43D /* Base */,
			);
			name = LaunchScreen.storyboard;
			sourceTree = "<group>";
		};
/* End PBXVariantGroup section */

/* Begin XCBuildConfiguration section */
		6EE892932240CA4E00EFF43D /* Debug */ = {
			isa = XCBuildConfiguration;
			buildSettings = {
				ALWAYS_SEARCH_USER_PATHS = NO;
				CLANG_ANALYZER_NONNULL = YES;
				CLANG_ANALYZER_NUMBER_OBJECT_CONVERSION = YES_AGGRESSIVE;
				CLANG_CXX_LANGUAGE_STANDARD = "gnu++14";
				CLANG_CXX_LIBRARY = "libc++";
				CLANG_ENABLE_MODULES = YES;
				CLANG_ENABLE_OBJC_ARC = YES;
				CLANG_ENABLE_OBJC_WEAK = YES;
				CLANG_WARN_BLOCK_CAPTURE_AUTORELEASING = YES;
				CLANG_WARN_BOOL_CONVERSION = YES;
				CLANG_WARN_COMMA = YES;
				CLANG_WARN_CONSTANT_CONVERSION = YES;
				CLANG_WARN_DEPRECATED_OBJC_IMPLEMENTATIONS = YES;
				CLANG_WARN_DIRECT_OBJC_ISA_USAGE = YES_ERROR;
				CLANG_WARN_DOCUMENTATION_COMMENTS = YES;
				CLANG_WARN_EMPTY_BODY = YES;
				CLANG_WARN_ENUM_CONVERSION = YES;
				CLANG_WARN_INFINITE_RECURSION = YES;
				CLANG_WARN_INT_CONVERSION = YES;
				CLANG_WARN_NON_LITERAL_NULL_CONVERSION = YES;
				CLANG_WARN_OBJC_IMPLICIT_RETAIN_SELF = YES;
				CLANG_WARN_OBJC_LITERAL_CONVERSION = YES;
				CLANG_WARN_OBJC_ROOT_CLASS = YES_ERROR;
				CLANG_WARN_RANGE_LOOP_ANALYSIS = YES;
				CLANG_WARN_STRICT_PROTOTYPES = YES;
				CLANG_WARN_SUSPICIOUS_MOVE = YES;
				CLANG_WARN_UNGUARDED_AVAILABILITY = YES_AGGRESSIVE;
				CLANG_WARN_UNREACHABLE_CODE = YES;
				CLANG_WARN__DUPLICATE_METHOD_MATCH = YES;
				CODE_SIGN_IDENTITY = "iPhone Developer";
				COPY_PHASE_STRIP = NO;
				DEBUG_INFORMATION_FORMAT = dwarf;
				ENABLE_STRICT_OBJC_MSGSEND = YES;
				ENABLE_TESTABILITY = YES;
				GCC_C_LANGUAGE_STANDARD = gnu11;
				GCC_DYNAMIC_NO_PIC = NO;
				GCC_NO_COMMON_BLOCKS = YES;
				GCC_OPTIMIZATION_LEVEL = 0;
				GCC_PREPROCESSOR_DEFINITIONS = (
					"DEBUG=1",
					"$(inherited)",
				);
				GCC_WARN_64_TO_32_BIT_CONVERSION = YES;
				GCC_WARN_ABOUT_RETURN_TYPE = YES_ERROR;
				GCC_WARN_UNDECLARED_SELECTOR = YES;
				GCC_WARN_UNINITIALIZED_AUTOS = YES_AGGRESSIVE;
				GCC_WARN_UNUSED_FUNCTION = YES;
				GCC_WARN_UNUSED_VARIABLE = YES;
				IPHONEOS_DEPLOYMENT_TARGET = 12.1;
				MTL_ENABLE_DEBUG_INFO = INCLUDE_SOURCE;
				MTL_FAST_MATH = YES;
				ONLY_ACTIVE_ARCH = YES;
				SDKROOT = iphoneos;
				SWIFT_ACTIVE_COMPILATION_CONDITIONS = DEBUG;
				SWIFT_OPTIMIZATION_LEVEL = "-Onone";
			};
			name = Debug;
		};
		6EE892942240CA4E00EFF43D /* Release */ = {
			isa = XCBuildConfiguration;
			buildSettings = {
				ALWAYS_SEARCH_USER_PATHS = NO;
				CLANG_ANALYZER_NONNULL = YES;
				CLANG_ANALYZER_NUMBER_OBJECT_CONVERSION = YES_AGGRESSIVE;
				CLANG_CXX_LANGUAGE_STANDARD = "gnu++14";
				CLANG_CXX_LIBRARY = "libc++";
				CLANG_ENABLE_MODULES = YES;
				CLANG_ENABLE_OBJC_ARC = YES;
				CLANG_ENABLE_OBJC_WEAK = YES;
				CLANG_WARN_BLOCK_CAPTURE_AUTORELEASING = YES;
				CLANG_WARN_BOOL_CONVERSION = YES;
				CLANG_WARN_COMMA = YES;
				CLANG_WARN_CONSTANT_CONVERSION = YES;
				CLANG_WARN_DEPRECATED_OBJC_IMPLEMENTATIONS = YES;
				CLANG_WARN_DIRECT_OBJC_ISA_USAGE = YES_ERROR;
				CLANG_WARN_DOCUMENTATION_COMMENTS = YES;
				CLANG_WARN_EMPTY_BODY = YES;
				CLANG_WARN_ENUM_CONVERSION = YES;
				CLANG_WARN_INFINITE_RECURSION = YES;
				CLANG_WARN_INT_CONVERSION = YES;
				CLANG_WARN_NON_LITERAL_NULL_CONVERSION = YES;
				CLANG_WARN_OBJC_IMPLICIT_RETAIN_SELF = YES;
				CLANG_WARN_OBJC_LITERAL_CONVERSION = YES;
				CLANG_WARN_OBJC_ROOT_CLASS = YES_ERROR;
				CLANG_WARN_RANGE_LOOP_ANALYSIS = YES;
				CLANG_WARN_STRICT_PROTOTYPES = YES;
				CLANG_WARN_SUSPICIOUS_MOVE = YES;
				CLANG_WARN_UNGUARDED_AVAILABILITY = YES_AGGRESSIVE;
				CLANG_WARN_UNREACHABLE_CODE = YES;
				CLANG_WARN__DUPLICATE_METHOD_MATCH = YES;
				CODE_SIGN_IDENTITY = "iPhone Developer";
				COPY_PHASE_STRIP = NO;
				DEBUG_INFORMATION_FORMAT = "dwarf-with-dsym";
				ENABLE_NS_ASSERTIONS = NO;
				ENABLE_STRICT_OBJC_MSGSEND = YES;
				GCC_C_LANGUAGE_STANDARD = gnu11;
				GCC_NO_COMMON_BLOCKS = YES;
				GCC_WARN_64_TO_32_BIT_CONVERSION = YES;
				GCC_WARN_ABOUT_RETURN_TYPE = YES_ERROR;
				GCC_WARN_UNDECLARED_SELECTOR = YES;
				GCC_WARN_UNINITIALIZED_AUTOS = YES_AGGRESSIVE;
				GCC_WARN_UNUSED_FUNCTION = YES;
				GCC_WARN_UNUSED_VARIABLE = YES;
				IPHONEOS_DEPLOYMENT_TARGET = 12.1;
				MTL_ENABLE_DEBUG_INFO = NO;
				MTL_FAST_MATH = YES;
				SDKROOT = iphoneos;
				SWIFT_COMPILATION_MODE = wholemodule;
				SWIFT_OPTIMIZATION_LEVEL = "-O";
				VALIDATE_PRODUCT = YES;
			};
			name = Release;
		};
		6EE892962240CA4E00EFF43D /* Debug */ = {
			isa = XCBuildConfiguration;
			baseConfigurationReference = DA534FD97C67CE10FA217157 /* Pods-OAuthExample.debug.xcconfig */;
			buildSettings = {
				ASSETCATALOG_COMPILER_APPICON_NAME = AppIcon;
				CODE_SIGN_STYLE = Automatic;
				DEVELOPMENT_TEAM = "";
				INFOPLIST_FILE = OAuthExample/Info.plist;
				LD_RUNPATH_SEARCH_PATHS = (
					"$(inherited)",
					"@executable_path/Frameworks",
				);
				PRODUCT_BUNDLE_IDENTIFIER = com.onurgenes.OAuthExample;
				PRODUCT_NAME = "$(TARGET_NAME)";
				SWIFT_VERSION = 4.2;
				TARGETED_DEVICE_FAMILY = "1,2";
			};
			name = Debug;
		};
		6EE892972240CA4E00EFF43D /* Release */ = {
			isa = XCBuildConfiguration;
			baseConfigurationReference = 7CD4EE7E71E8BC2FA5AF47E7 /* Pods-OAuthExample.release.xcconfig */;
			buildSettings = {
				ASSETCATALOG_COMPILER_APPICON_NAME = AppIcon;
				CODE_SIGN_STYLE = Automatic;
				DEVELOPMENT_TEAM = "";
				INFOPLIST_FILE = OAuthExample/Info.plist;
				LD_RUNPATH_SEARCH_PATHS = (
					"$(inherited)",
					"@executable_path/Frameworks",
				);
				PRODUCT_BUNDLE_IDENTIFIER = com.onurgenes.OAuthExample;
				PRODUCT_NAME = "$(TARGET_NAME)";
				SWIFT_VERSION = 4.2;
				TARGETED_DEVICE_FAMILY = "1,2";
			};
			name = Release;
		};
/* End XCBuildConfiguration section */

/* Begin XCConfigurationList section */
		6EE8927E2240CA4C00EFF43D /* Build configuration list for PBXProject "OAuthExample" */ = {
			isa = XCConfigurationList;
			buildConfigurations = (
				6EE892932240CA4E00EFF43D /* Debug */,
				6EE892942240CA4E00EFF43D /* Release */,
			);
			defaultConfigurationIsVisible = 0;
			defaultConfigurationName = Release;
		};
		6EE892952240CA4E00EFF43D /* Build configuration list for PBXNativeTarget "OAuthExample" */ = {
			isa = XCConfigurationList;
			buildConfigurations = (
				6EE892962240CA4E00EFF43D /* Debug */,
				6EE892972240CA4E00EFF43D /* Release */,
			);
			defaultConfigurationIsVisible = 0;
			defaultConfigurationName = Release;
		};
/* End XCConfigurationList section */
	};
	rootObject = 6EE8927B2240CA4C00EFF43D /* Project object */;
}
